
Microsoft Visual Studio Solution File, Format Version 12.00
# Visual Studio Version 17
VisualStudioVersion = 17.0.31903.59
MinimumVisualStudioVersion = 10.0.40219.1
Project("{FAE04EC0-301F-11D3-BF4B-00C04F79EFBC}") = "Core", "Core\Core.csproj", "{1FF40F55-659D-4FC5-8482-08800A5A4FBA}"
EndProject
Project("{FAE04EC0-301F-11D3-BF4B-00C04F79EFBC}") = "Application", "Application\Application.csproj", "{8D2F2670-1BA0-47F0-A13E-4E6448D46301}"
EndProject
Project("{FAE04EC0-301F-11D3-BF4B-00C04F79EFBC}") = "Infrastructure", "Infrastructure\Infrastructure.csproj", "{02C2E734-911E-4752-9748-4747E7C07786}"
EndProject
Project("{FAE04EC0-301F-11D3-BF4B-00C04F79EFBC}") = "Shared", "Shared\Shared.csproj", "{C5B955A5-F66E-4194-AD27-41C92291AF8B}"
EndProject
Project("{FAE04EC0-301F-11D3-BF4B-00C04F79EFBC}") = "WebApi", "WebApi\WebApi.csproj", "{A96BC0C9-17CA-45A3-BD9C-CBED5174B004}"
EndProject
Project("{FAE04EC0-301F-11D3-BF4B-00C04F79EFBC}") = "Tests.Application.Tests", "Tests.Application.Tests\Tests.Application.Tests.csproj", "{D1C79EB3-EA41-4570-A2F2-283832B2773B}"
EndProject
Project("{FAE04EC0-301F-11D3-BF4B-00C04F79EFBC}") = "Tests.Core.Tests", "Tests.Core.Tests\Tests.Core.Tests.csproj", "{AAC65259-3D84-4883-8F68-5971D8EFE8AA}"
EndProject
Global
	GlobalSection(SolutionConfigurationPlatforms) = preSolution
		Debug|Any CPU = Debug|Any CPU
		Release|Any CPU = Release|Any CPU
	EndGlobalSection
	GlobalSection(SolutionProperties) = preSolution
		HideSolutionNode = FALSE
	EndGlobalSection
	GlobalSection(ProjectConfigurationPlatforms) = postSolution
		{1FF40F55-659D-4FC5-8482-08800A5A4FBA}.Debug|Any CPU.ActiveCfg = Debug|Any CPU
		{1FF40F55-659D-4FC5-8482-08800A5A4FBA}.Debug|Any CPU.Build.0 = Debug|Any CPU
		{1FF40F55-659D-4FC5-8482-08800A5A4FBA}.Release|Any CPU.ActiveCfg = Release|Any CPU
		{1FF40F55-659D-4FC5-8482-08800A5A4FBA}.Release|Any CPU.Build.0 = Release|Any CPU
		{8D2F2670-1BA0-47F0-A13E-4E6448D46301}.Debug|Any CPU.ActiveCfg = Debug|Any CPU
		{8D2F2670-1BA0-47F0-A13E-4E6448D46301}.Debug|Any CPU.Build.0 = Debug|Any CPU
		{8D2F2670-1BA0-47F0-A13E-4E6448D46301}.Release|Any CPU.ActiveCfg = Release|Any CPU
		{8D2F2670-1BA0-47F0-A13E-4E6448D46301}.Release|Any CPU.Build.0 = Release|Any CPU
		{02C2E734-911E-4752-9748-4747E7C07786}.Debug|Any CPU.ActiveCfg = Debug|Any CPU
		{02C2E734-911E-4752-9748-4747E7C07786}.Debug|Any CPU.Build.0 = Debug|Any CPU
		{02C2E734-911E-4752-9748-4747E7C07786}.Release|Any CPU.ActiveCfg = Release|Any CPU
		{02C2E734-911E-4752-9748-4747E7C07786}.Release|Any CPU.Build.0 = Release|Any CPU
		{C5B955A5-F66E-4194-AD27-41C92291AF8B}.Debug|Any CPU.ActiveCfg = Debug|Any CPU
		{C5B955A5-F66E-4194-AD27-41C92291AF8B}.Debug|Any CPU.Build.0 = Debug|Any CPU
		{C5B955A5-F66E-4194-AD27-41C92291AF8B}.Release|Any CPU.ActiveCfg = Release|Any CPU
		{C5B955A5-F66E-4194-AD27-41C92291AF8B}.Release|Any CPU.Build.0 = Release|Any CPU
		{A96BC0C9-17CA-45A3-BD9C-CBED5174B004}.Debug|Any CPU.ActiveCfg = Debug|Any CPU
		{A96BC0C9-17CA-45A3-BD9C-CBED5174B004}.Debug|Any CPU.Build.0 = Debug|Any CPU
		{A96BC0C9-17CA-45A3-BD9C-CBED5174B004}.Release|Any CPU.ActiveCfg = Release|Any CPU
		{A96BC0C9-17CA-45A3-BD9C-CBED5174B004}.Release|Any CPU.Build.0 = Release|Any CPU
		{D1C79EB3-EA41-4570-A2F2-283832B2773B}.Debug|Any CPU.ActiveCfg = Debug|Any CPU
		{D1C79EB3-EA41-4570-A2F2-283832B2773B}.Debug|Any CPU.Build.0 = Debug|Any CPU
		{D1C79EB3-EA41-4570-A2F2-283832B2773B}.Release|Any CPU.ActiveCfg = Release|Any CPU
		{D1C79EB3-EA41-4570-A2F2-283832B2773B}.Release|Any CPU.Build.0 = Release|Any CPU
		{AAC65259-3D84-4883-8F68-5971D8EFE8AA}.Debug|Any CPU.ActiveCfg = Debug|Any CPU
		{AAC65259-3D84-4883-8F68-5971D8EFE8AA}.Debug|Any CPU.Build.0 = Debug|Any CPU
		{AAC65259-3D84-4883-8F68-5971D8EFE8AA}.Release|Any CPU.ActiveCfg = Release|Any CPU
		{AAC65259-3D84-4883-8F68-5971D8EFE8AA}.Release|Any CPU.Build.0 = Release|Any CPU
	EndGlobalSection
EndGlobal
